
Microsoft Visual Studio Solution File, Format Version 12.00
Project("{FAE04EC0-301F-11D3-BF4B-00C04F79EFBC}") = "Dappa.Api", "Dappa.Api\Dappa.Api.csproj", "{78C4EBBD-64BF-41A2-B857-8F13B51F07CE}"
EndProject
Project("{FAE04EC0-301F-11D3-BF4B-00C04F79EFBC}") = "Dappa.Core", "Dappa.Core\Dappa.Core.csproj", "{F37D1B91-486B-4EA8-BA37-6DF2F8A3332D}"
EndProject
Project("{2150E333-8FDC-42A3-9474-1A3956D46DE8}") = "tests", "tests", "{961FB712-0419-4E46-AFE2-36E5047E43E9}"
EndProject
Project("{FAE04EC0-301F-11D3-BF4B-00C04F79EFBC}") = "Dappa.Core.Tests", "Dappa.Core.Tests\Dappa.Core.Tests.csproj", "{D297B54C-C990-4637-890D-21A1D3CF6AAB}"
EndProject
Project("{FAE04EC0-301F-11D3-BF4B-00C04F79EFBC}") = "Dappa.Api.Benchmarks", "Dappa.Api.Benchmarks\Dappa.Api.Benchmarks.csproj", "{2E00A865-65B6-42F7-9019-7B4B70C05292}"
EndProject
Global
	GlobalSection(SolutionConfigurationPlatforms) = preSolution
		Debug|Any CPU = Debug|Any CPU
		Release|Any CPU = Release|Any CPU
	EndGlobalSection
	GlobalSection(ProjectConfigurationPlatforms) = postSolution
		{78C4EBBD-64BF-41A2-B857-8F13B51F07CE}.Debug|Any CPU.ActiveCfg = Debug|Any CPU
		{78C4EBBD-64BF-41A2-B857-8F13B51F07CE}.Debug|Any CPU.Build.0 = Debug|Any CPU
		{78C4EBBD-64BF-41A2-B857-8F13B51F07CE}.Release|Any CPU.ActiveCfg = Release|Any CPU
		{78C4EBBD-64BF-41A2-B857-8F13B51F07CE}.Release|Any CPU.Build.0 = Release|Any CPU
		{F37D1B91-486B-4EA8-BA37-6DF2F8A3332D}.Debug|Any CPU.ActiveCfg = Debug|Any CPU
		{F37D1B91-486B-4EA8-BA37-6DF2F8A3332D}.Debug|Any CPU.Build.0 = Debug|Any CPU
		{F37D1B91-486B-4EA8-BA37-6DF2F8A3332D}.Release|Any CPU.ActiveCfg = Release|Any CPU
		{F37D1B91-486B-4EA8-BA37-6DF2F8A3332D}.Release|Any CPU.Build.0 = Release|Any CPU
		{D297B54C-C990-4637-890D-21A1D3CF6AAB}.Debug|Any CPU.ActiveCfg = Debug|Any CPU
		{D297B54C-C990-4637-890D-21A1D3CF6AAB}.Debug|Any CPU.Build.0 = Debug|Any CPU
		{D297B54C-C990-4637-890D-21A1D3CF6AAB}.Release|Any CPU.ActiveCfg = Release|Any CPU
		{D297B54C-C990-4637-890D-21A1D3CF6AAB}.Release|Any CPU.Build.0 = Release|Any CPU
		{2E00A865-65B6-42F7-9019-7B4B70C05292}.Debug|Any CPU.ActiveCfg = Debug|Any CPU
		{2E00A865-65B6-42F7-9019-7B4B70C05292}.Debug|Any CPU.Build.0 = Debug|Any CPU
		{2E00A865-65B6-42F7-9019-7B4B70C05292}.Release|Any CPU.ActiveCfg = Release|Any CPU
		{2E00A865-65B6-42F7-9019-7B4B70C05292}.Release|Any CPU.Build.0 = Release|Any CPU
	EndGlobalSection
	GlobalSection(NestedProjects) = preSolution
		{D297B54C-C990-4637-890D-21A1D3CF6AAB} = {961FB712-0419-4E46-AFE2-36E5047E43E9}
		{2E00A865-65B6-42F7-9019-7B4B70C05292} = {961FB712-0419-4E46-AFE2-36E5047E43E9}
	EndGlobalSection
EndGlobal
